
Microsoft Visual Studio Solution File, Format Version 12.00
Project("{FAE04EC0-301F-11D3-BF4B-00C04F79EFBC}") = "SwitchAndEnums", "SwitchAndEnums\SwitchAndEnums.csproj", "{967555BD-7FFF-48D4-B3E8-56A9F4BE7B9B}"
EndProject
Project("{FAE04EC0-301F-11D3-BF4B-00C04F79EFBC}") = "TestProject", "TestProject\TestProject.csproj", "{D78828E8-6D67-4D9C-82AD-E60E7BA62CD5}"
EndProject
Global
	GlobalSection(SolutionConfigurationPlatforms) = preSolution
		Debug|Any CPU = Debug|Any CPU
		Release|Any CPU = Release|Any CPU
	EndGlobalSection
	GlobalSection(ProjectConfigurationPlatforms) = postSolution
		{967555BD-7FFF-48D4-B3E8-56A9F4BE7B9B}.Debug|Any CPU.ActiveCfg = Debug|Any CPU
		{967555BD-7FFF-48D4-B3E8-56A9F4BE7B9B}.Debug|Any CPU.Build.0 = Debug|Any CPU
		{967555BD-7FFF-48D4-B3E8-56A9F4BE7B9B}.Release|Any CPU.ActiveCfg = Release|Any CPU
		{967555BD-7FFF-48D4-B3E8-56A9F4BE7B9B}.Release|Any CPU.Build.0 = Release|Any CPU
		{D78828E8-6D67-4D9C-82AD-E60E7BA62CD5}.Debug|Any CPU.ActiveCfg = Debug|Any CPU
		{D78828E8-6D67-4D9C-82AD-E60E7BA62CD5}.Debug|Any CPU.Build.0 = Debug|Any CPU
		{D78828E8-6D67-4D9C-82AD-E60E7BA62CD5}.Release|Any CPU.ActiveCfg = Release|Any CPU
		{D78828E8-6D67-4D9C-82AD-E60E7BA62CD5}.Release|Any CPU.Build.0 = Release|Any CPU
	EndGlobalSection
EndGlobal
